
Microsoft Visual Studio Solution File, Format Version 12.00
# Visual Studio Version 16
VisualStudioVersion = 16.0.28803.352
MinimumVisualStudioVersion = 10.0.40219.1
Project("{FAE04EC0-301F-11D3-BF4B-00C04F79EFBC}") = "EFCoreCoffeeShop", "EFCoreCoffeeShop\EFCoreCoffeeShop.csproj", "{24EAB281-2DD7-46C8-BB18-9C026AAAA127}"
EndProject
Global
	GlobalSection(SolutionConfigurationPlatforms) = preSolution
		Debug|Any CPU = Debug|Any CPU
		Release|Any CPU = Release|Any CPU
	EndGlobalSection
	GlobalSection(ProjectConfigurationPlatforms) = postSolution
		{24EAB281-2DD7-46C8-BB18-9C026AAAA127}.Debug|Any CPU.ActiveCfg = Debug|Any CPU
		{24EAB281-2DD7-46C8-BB18-9C026AAAA127}.Debug|Any CPU.Build.0 = Debug|Any CPU
		{24EAB281-2DD7-46C8-BB18-9C026AAAA127}.Release|Any CPU.ActiveCfg = Release|Any CPU
		{24EAB281-2DD7-46C8-BB18-9C026AAAA127}.Release|Any CPU.Build.0 = Release|Any CPU
	EndGlobalSection
	GlobalSection(SolutionProperties) = preSolution
		HideSolutionNode = FALSE
	EndGlobalSection
	GlobalSection(ExtensibilityGlobals) = postSolution
		SolutionGuid = {70C7F796-6220-44F8-982E-EEA436474EDE}
	EndGlobalSection
EndGlobal
